
Microsoft Visual Studio Solution File, Format Version 12.00
# Visual Studio Version 16
Project("{8BC9CEB8-8B4A-11D0-8D11-00A0C91BC942}") = "EngineEditor", "EngineEditor\EngineEditor.vcxproj", "{E215A0CA-CE78-2F6F-77FE-67256340FBF1}"
EndProject
Project("{8BC9CEB8-8B4A-11D0-8D11-00A0C91BC942}") = "GLAD", "SurfEngine\vendor\glad\GLAD.vcxproj", "{5D4A857C-4981-860D-F26D-6C10DE83020F}"
EndProject
Project("{8BC9CEB8-8B4A-11D0-8D11-00A0C91BC942}") = "GLFW", "SurfEngine\vendor\glfw\GLFW.vcxproj", "{154B857C-0182-860D-AA6E-6C109684020F}"
EndProject
Project("{8BC9CEB8-8B4A-11D0-8D11-00A0C91BC942}") = "IMGUI", "SurfEngine\vendor\imgui\IMGUI.vcxproj", "{606F530D-CC83-7BBE-9505-1F1E01D977EF}"
EndProject
Project("{8BC9CEB8-8B4A-11D0-8D11-00A0C91BC942}") = "Lua", "SurfEngine\vendor\lua\Lua.vcxproj", "{A705880B-130F-887C-9C8A-9E7C0893937C}"
EndProject
Project("{8BC9CEB8-8B4A-11D0-8D11-00A0C91BC942}") = "SurfEngine", "SurfEngine\SurfEngine.vcxproj", "{9B56F44B-870E-3699-F015-0FF5DCECD089}"
EndProject
Project("{8BC9CEB8-8B4A-11D0-8D11-00A0C91BC942}") = "yaml-cpp", "SurfEngine\vendor\yaml-cpp\yaml-cpp.vcxproj", "{88F1A057-74BE-FB62-9DD7-E90A890331F1}"
EndProject
Global
	GlobalSection(SolutionConfigurationPlatforms) = preSolution
		Debug|x64 = Debug|x64
		Dist|x64 = Dist|x64
		Release|x64 = Release|x64
	EndGlobalSection
	GlobalSection(ProjectConfigurationPlatforms) = postSolution
		{E215A0CA-CE78-2F6F-77FE-67256340FBF1}.Debug|x64.ActiveCfg = Debug|x64
		{E215A0CA-CE78-2F6F-77FE-67256340FBF1}.Debug|x64.Build.0 = Debug|x64
		{E215A0CA-CE78-2F6F-77FE-67256340FBF1}.Dist|x64.ActiveCfg = Dist|x64
		{E215A0CA-CE78-2F6F-77FE-67256340FBF1}.Dist|x64.Build.0 = Dist|x64
		{E215A0CA-CE78-2F6F-77FE-67256340FBF1}.Release|x64.ActiveCfg = Release|x64
		{E215A0CA-CE78-2F6F-77FE-67256340FBF1}.Release|x64.Build.0 = Release|x64
		{5D4A857C-4981-860D-F26D-6C10DE83020F}.Debug|x64.ActiveCfg = Debug|x64
		{5D4A857C-4981-860D-F26D-6C10DE83020F}.Debug|x64.Build.0 = Debug|x64
		{5D4A857C-4981-860D-F26D-6C10DE83020F}.Dist|x64.ActiveCfg = Dist|x64
		{5D4A857C-4981-860D-F26D-6C10DE83020F}.Dist|x64.Build.0 = Dist|x64
		{5D4A857C-4981-860D-F26D-6C10DE83020F}.Release|x64.ActiveCfg = Release|x64
		{5D4A857C-4981-860D-F26D-6C10DE83020F}.Release|x64.Build.0 = Release|x64
		{154B857C-0182-860D-AA6E-6C109684020F}.Debug|x64.ActiveCfg = Debug|x64
		{154B857C-0182-860D-AA6E-6C109684020F}.Debug|x64.Build.0 = Debug|x64
		{154B857C-0182-860D-AA6E-6C109684020F}.Dist|x64.ActiveCfg = Dist|x64
		{154B857C-0182-860D-AA6E-6C109684020F}.Dist|x64.Build.0 = Dist|x64
		{154B857C-0182-860D-AA6E-6C109684020F}.Release|x64.ActiveCfg = Release|x64
		{154B857C-0182-860D-AA6E-6C109684020F}.Release|x64.Build.0 = Release|x64
		{606F530D-CC83-7BBE-9505-1F1E01D977EF}.Debug|x64.ActiveCfg = Debug|x64
		{606F530D-CC83-7BBE-9505-1F1E01D977EF}.Debug|x64.Build.0 = Debug|x64
		{606F530D-CC83-7BBE-9505-1F1E01D977EF}.Dist|x64.ActiveCfg = Dist|x64
		{606F530D-CC83-7BBE-9505-1F1E01D977EF}.Dist|x64.Build.0 = Dist|x64
		{606F530D-CC83-7BBE-9505-1F1E01D977EF}.Release|x64.ActiveCfg = Release|x64
		{606F530D-CC83-7BBE-9505-1F1E01D977EF}.Release|x64.Build.0 = Release|x64
		{A705880B-130F-887C-9C8A-9E7C0893937C}.Debug|x64.ActiveCfg = Debug|x64
		{A705880B-130F-887C-9C8A-9E7C0893937C}.Debug|x64.Build.0 = Debug|x64
		{A705880B-130F-887C-9C8A-9E7C0893937C}.Dist|x64.ActiveCfg = Dist|x64
		{A705880B-130F-887C-9C8A-9E7C0893937C}.Dist|x64.Build.0 = Dist|x64
		{A705880B-130F-887C-9C8A-9E7C0893937C}.Release|x64.ActiveCfg = Release|x64
		{A705880B-130F-887C-9C8A-9E7C0893937C}.Release|x64.Build.0 = Release|x64
		{9B56F44B-870E-3699-F015-0FF5DCECD089}.Debug|x64.ActiveCfg = Debug|x64
		{9B56F44B-870E-3699-F015-0FF5DCECD089}.Debug|x64.Build.0 = Debug|x64
		{9B56F44B-870E-3699-F015-0FF5DCECD089}.Dist|x64.ActiveCfg = Dist|x64
		{9B56F44B-870E-3699-F015-0FF5DCECD089}.Dist|x64.Build.0 = Dist|x64
		{9B56F44B-870E-3699-F015-0FF5DCECD089}.Release|x64.ActiveCfg = Release|x64
		{9B56F44B-870E-3699-F015-0FF5DCECD089}.Release|x64.Build.0 = Release|x64
		{88F1A057-74BE-FB62-9DD7-E90A890331F1}.Debug|x64.ActiveCfg = Debug|x64
		{88F1A057-74BE-FB62-9DD7-E90A890331F1}.Debug|x64.Build.0 = Debug|x64
		{88F1A057-74BE-FB62-9DD7-E90A890331F1}.Dist|x64.ActiveCfg = Dist|x64
		{88F1A057-74BE-FB62-9DD7-E90A890331F1}.Dist|x64.Build.0 = Dist|x64
		{88F1A057-74BE-FB62-9DD7-E90A890331F1}.Release|x64.ActiveCfg = Release|x64
		{88F1A057-74BE-FB62-9DD7-E90A890331F1}.Release|x64.Build.0 = Release|x64
	EndGlobalSection
	GlobalSection(SolutionProperties) = preSolution
		HideSolutionNode = FALSE
	EndGlobalSection
EndGlobal
