<?xml version="1.0" encoding="utf-8"?>
<Project ToolsVersion="4.0" xmlns="http://schemas.microsoft.com/developer/msbuild/2003">
  <ItemGroup>
    <Filter Include="src">
      <UniqueIdentifier>{2DAB880B-99B4-887C-2230-9F7C8E38947C}</UniqueIdentifier>
    </Filter>
    <Filter Include="src\MechEngine">
      <UniqueIdentifier>{CF7C0DE5-BB4A-01EB-A4DE-7111904BDD4F}</UniqueIdentifier>
    </Filter>
    <Filter Include="src\MechEngine\Core">
      <UniqueIdentifier>{87FA2F3B-F35B-0D49-7CC9-53FBE8294408}</UniqueIdentifier>
    </Filter>
    <Filter Include="src\MechEngine\Events">
      <UniqueIdentifier>{D3C93ACC-3F36-F6C6-082A-8E247455182F}</UniqueIdentifier>
    </Filter>
    <Filter Include="src\MechEngine\Platform">
      <UniqueIdentifier>{039232E2-6FC9-7A79-78D3-DE9CE489A172}</UniqueIdentifier>
    </Filter>
    <Filter Include="src\MechEngine\Platform\OpenGl">
      <UniqueIdentifier>{F7797C68-E39F-46CF-CCE5-CB9AB8AA6B9B}</UniqueIdentifier>
    </Filter>
    <Filter Include="src\MechEngine\Platform\Windows">
      <UniqueIdentifier>{3D8F27D0-A972-3610-B275-644C1ED8FC60}</UniqueIdentifier>
    </Filter>
    <Filter Include="src\MechEngine\Renderer">
      <UniqueIdentifier>{55990FBD-C1D0-5754-CADA-BB7736917E4D}</UniqueIdentifier>
    </Filter>
    <Filter Include="src\MechEngine\imgui">
      <UniqueIdentifier>{79A9DDA3-6538-676D-0E57-7B68FAC47713}</UniqueIdentifier>
    </Filter>
    <Filter Include="vendor">
      <UniqueIdentifier>{B3738122-9F15-ACF8-88D0-BF4C74113349}</UniqueIdentifier>
    </Filter>
    <Filter Include="vendor\glm">
      <UniqueIdentifier>{829FC5A8-6E57-07F6-D75E-E051C335A2E6}</UniqueIdentifier>
    </Filter>
    <Filter Include="vendor\glm\glm">
      <UniqueIdentifier>{D11AC9C9-BDE8-BCCF-A67C-2DF692E99834}</UniqueIdentifier>
    </Filter>
    <Filter Include="vendor\stb_image">
      <UniqueIdentifier>{0DA0BA59-F998-D9AB-22CB-BE300E23B9B7}</UniqueIdentifier>
    </Filter>
  </ItemGroup>
  <ItemGroup>
    <ClInclude Include="src\MechEngine.h">
      <Filter>src</Filter>
    </ClInclude>
    <ClInclude Include="src\MechEngine\Core\Color.h">
      <Filter>src\MechEngine\Core</Filter>
    </ClInclude>
    <ClInclude Include="src\MechEngine\Core\Input.h">
      <Filter>src\MechEngine\Core</Filter>
    </ClInclude>
    <ClInclude Include="src\MechEngine\Core\KeyCodes.h">
      <Filter>src\MechEngine\Core</Filter>
    </ClInclude>
    <ClInclude Include="src\MechEngine\Core\MouseButtonCodes.h">
      <Filter>src\MechEngine\Core</Filter>
    </ClInclude>
    <ClInclude Include="src\MechEngine\Core\Serialization.h">
      <Filter>src\MechEngine\Core</Filter>
    </ClInclude>
    <ClInclude Include="src\MechEngine\Core\Timestep.h">
      <Filter>src\MechEngine\Core</Filter>
    </ClInclude>
    <ClInclude Include="src\MechEngine\Core\Transform.h">
      <Filter>src\MechEngine\Core</Filter>
    </ClInclude>
    <ClInclude Include="src\MechEngine\Events\ApplicationEvent.h">
      <Filter>src\MechEngine\Events</Filter>
    </ClInclude>
    <ClInclude Include="src\MechEngine\Events\Event.h">
      <Filter>src\MechEngine\Events</Filter>
    </ClInclude>
    <ClInclude Include="src\MechEngine\Events\KeyEvent.h">
      <Filter>src\MechEngine\Events</Filter>
    </ClInclude>
    <ClInclude Include="src\MechEngine\Events\MouseEvent.h">
      <Filter>src\MechEngine\Events</Filter>
    </ClInclude>
    <ClInclude Include="src\MechEngine\Platform\OpenGl\OpenGLBuffer.h">
      <Filter>src\MechEngine\Platform\OpenGl</Filter>
    </ClInclude>
    <ClInclude Include="src\MechEngine\Platform\OpenGl\OpenGLContext.h">
      <Filter>src\MechEngine\Platform\OpenGl</Filter>
    </ClInclude>
    <ClInclude Include="src\MechEngine\Platform\OpenGl\OpenGLFrameBuffer.h">
      <Filter>src\MechEngine\Platform\OpenGl</Filter>
    </ClInclude>
    <ClInclude Include="src\MechEngine\Platform\OpenGl\OpenGLRendererAPI.h">
      <Filter>src\MechEngine\Platform\OpenGl</Filter>
    </ClInclude>
    <ClInclude Include="src\MechEngine\Platform\OpenGl\OpenGLShader.h">
      <Filter>src\MechEngine\Platform\OpenGl</Filter>
    </ClInclude>
    <ClInclude Include="src\MechEngine\Platform\OpenGl\OpenGLTexture.h">
      <Filter>src\MechEngine\Platform\OpenGl</Filter>
    </ClInclude>
    <ClInclude Include="src\MechEngine\Platform\OpenGl\OpenGLVertexArray.h">
      <Filter>src\MechEngine\Platform\OpenGl</Filter>
    </ClInclude>
    <ClInclude Include="src\MechEngine\Platform\Windows\WindowsInput.h">
      <Filter>src\MechEngine\Platform\Windows</Filter>
    </ClInclude>
    <ClInclude Include="src\MechEngine\Platform\Windows\WindowsWindow.h">
      <Filter>src\MechEngine\Platform\Windows</Filter>
    </ClInclude>
    <ClInclude Include="src\MechEngine\Renderer\Buffer.h">
      <Filter>src\MechEngine\Renderer</Filter>
    </ClInclude>
    <ClInclude Include="src\MechEngine\Renderer\Camera.h">
      <Filter>src\MechEngine\Renderer</Filter>
    </ClInclude>
    <ClInclude Include="src\MechEngine\Renderer\FrameBuffer.h">
      <Filter>src\MechEngine\Renderer</Filter>
    </ClInclude>
    <ClInclude Include="src\MechEngine\Renderer\GraphicsContext.h">
      <Filter>src\MechEngine\Renderer</Filter>
    </ClInclude>
    <ClInclude Include="src\MechEngine\Renderer\Material.h">
      <Filter>src\MechEngine\Renderer</Filter>
    </ClInclude>
    <ClInclude Include="src\MechEngine\Renderer\Mesh.h">
      <Filter>src\MechEngine\Renderer</Filter>
    </ClInclude>
    <ClInclude Include="src\MechEngine\Renderer\PerspectiveCamera.h">
      <Filter>src\MechEngine\Renderer</Filter>
    </ClInclude>
    <ClInclude Include="src\MechEngine\Renderer\RenderCommand.h">
      <Filter>src\MechEngine\Renderer</Filter>
    </ClInclude>
    <ClInclude Include="src\MechEngine\Renderer\Renderer.h">
      <Filter>src\MechEngine\Renderer</Filter>
    </ClInclude>
    <ClInclude Include="src\MechEngine\Renderer\Renderer2D.h">
      <Filter>src\MechEngine\Renderer</Filter>
    </ClInclude>
    <ClInclude Include="src\MechEngine\Renderer\RendererAPI.h">
      <Filter>src\MechEngine\Renderer</Filter>
    </ClInclude>
    <ClInclude Include="src\MechEngine\Renderer\Shader.h">
      <Filter>src\MechEngine\Renderer</Filter>
    </ClInclude>
    <ClInclude Include="src\MechEngine\Renderer\Texture.h">
      <Filter>src\MechEngine\Renderer</Filter>
    </ClInclude>
    <ClInclude Include="src\MechEngine\Renderer\VertexArray.h">
      <Filter>src\MechEngine\Renderer</Filter>
    </ClInclude>
    <ClInclude Include="src\MechEngine\imgui\ImGuiLayer.h">
      <Filter>src\MechEngine\imgui</Filter>
    </ClInclude>
    <ClInclude Include="src\mepch.h">
      <Filter>src</Filter>
    </ClInclude>
    <ClInclude Include="vendor\glm\glm\common.hpp">
      <Filter>vendor\glm\glm</Filter>
    </ClInclude>
    <ClInclude Include="vendor\glm\glm\exponential.hpp">
      <Filter>vendor\glm\glm</Filter>
    </ClInclude>
    <ClInclude Include="vendor\glm\glm\ext.hpp">
      <Filter>vendor\glm\glm</Filter>
    </ClInclude>
    <ClInclude Include="vendor\glm\glm\fwd.hpp">
      <Filter>vendor\glm\glm</Filter>
    </ClInclude>
    <ClInclude Include="vendor\glm\glm\geometric.hpp">
      <Filter>vendor\glm\glm</Filter>
    </ClInclude>
    <ClInclude Include="vendor\glm\glm\glm.hpp">
      <Filter>vendor\glm\glm</Filter>
    </ClInclude>
    <ClInclude Include="vendor\glm\glm\integer.hpp">
      <Filter>vendor\glm\glm</Filter>
    </ClInclude>
    <ClInclude Include="vendor\glm\glm\mat2x2.hpp">
      <Filter>vendor\glm\glm</Filter>
    </ClInclude>
    <ClInclude Include="vendor\glm\glm\mat2x3.hpp">
      <Filter>vendor\glm\glm</Filter>
    </ClInclude>
    <ClInclude Include="vendor\glm\glm\mat2x4.hpp">
      <Filter>vendor\glm\glm</Filter>
    </ClInclude>
    <ClInclude Include="vendor\glm\glm\mat3x2.hpp">
      <Filter>vendor\glm\glm</Filter>
    </ClInclude>
    <ClInclude Include="vendor\glm\glm\mat3x3.hpp">
      <Filter>vendor\glm\glm</Filter>
    </ClInclude>
    <ClInclude Include="vendor\glm\glm\mat3x4.hpp">
      <Filter>vendor\glm\glm</Filter>
    </ClInclude>
    <ClInclude Include="vendor\glm\glm\mat4x2.hpp">
      <Filter>vendor\glm\glm</Filter>
    </ClInclude>
    <ClInclude Include="vendor\glm\glm\mat4x3.hpp">
      <Filter>vendor\glm\glm</Filter>
    </ClInclude>
    <ClInclude Include="vendor\glm\glm\mat4x4.hpp">
      <Filter>vendor\glm\glm</Filter>
    </ClInclude>
    <ClInclude Include="vendor\glm\glm\matrix.hpp">
      <Filter>vendor\glm\glm</Filter>
    </ClInclude>
    <ClInclude Include="vendor\glm\glm\packing.hpp">
      <Filter>vendor\glm\glm</Filter>
    </ClInclude>
    <ClInclude Include="vendor\glm\glm\trigonometric.hpp">
      <Filter>vendor\glm\glm</Filter>
    </ClInclude>
    <ClInclude Include="vendor\glm\glm\vec2.hpp">
      <Filter>vendor\glm\glm</Filter>
    </ClInclude>
    <ClInclude Include="vendor\glm\glm\vec3.hpp">
      <Filter>vendor\glm\glm</Filter>
    </ClInclude>
    <ClInclude Include="vendor\glm\glm\vec4.hpp">
      <Filter>vendor\glm\glm</Filter>
    </ClInclude>
    <ClInclude Include="vendor\glm\glm\vector_relational.hpp">
      <Filter>vendor\glm\glm</Filter>
    </ClInclude>
    <ClInclude Include="vendor\stb_image\stb_image.h">
      <Filter>vendor\stb_image</Filter>
    </ClInclude>
    <ClInclude Include="src\MechEngine\Renderer\OrthographicCamera.h" />
    <ClInclude Include="src\MechEngine\Core\Application.h">
      <Filter>src\MechEngine</Filter>
    </ClInclude>
    <ClInclude Include="src\MechEngine\Core\Core.h">
      <Filter>src\MechEngine</Filter>
    </ClInclude>
    <ClInclude Include="src\MechEngine\Core\EntryPoint.h">
      <Filter>src\MechEngine</Filter>
    </ClInclude>
    <ClInclude Include="src\MechEngine\Core\Layer.h">
      <Filter>src\MechEngine</Filter>
    </ClInclude>
    <ClInclude Include="src\MechEngine\Core\LayerStack.h">
      <Filter>src\MechEngine</Filter>
    </ClInclude>
    <ClInclude Include="src\MechEngine\Core\Log.h">
      <Filter>src\MechEngine</Filter>
    </ClInclude>
    <ClInclude Include="src\MechEngine\Core\Window.h">
      <Filter>src\MechEngine</Filter>
    </ClInclude>
  </ItemGroup>
  <ItemGroup>
    <ClCompile Include="src\MechEngine\Core\Serialization.cpp">
      <Filter>src\MechEngine\Core</Filter>
    </ClCompile>
    <ClCompile Include="src\MechEngine\Core\Transform.cpp">
      <Filter>src\MechEngine\Core</Filter>
    </ClCompile>
    <ClCompile Include="src\MechEngine\Platform\OpenGl\OpenGLBuffer.cpp">
      <Filter>src\MechEngine\Platform\OpenGl</Filter>
    </ClCompile>
    <ClCompile Include="src\MechEngine\Platform\OpenGl\OpenGLContext.cpp">
      <Filter>src\MechEngine\Platform\OpenGl</Filter>
    </ClCompile>
    <ClCompile Include="src\MechEngine\Platform\OpenGl\OpenGLFrameBuffer.cpp">
      <Filter>src\MechEngine\Platform\OpenGl</Filter>
    </ClCompile>
    <ClCompile Include="src\MechEngine\Platform\OpenGl\OpenGLRendererAPI.cpp">
      <Filter>src\MechEngine\Platform\OpenGl</Filter>
    </ClCompile>
    <ClCompile Include="src\MechEngine\Platform\OpenGl\OpenGLShader.cpp">
      <Filter>src\MechEngine\Platform\OpenGl</Filter>
    </ClCompile>
    <ClCompile Include="src\MechEngine\Platform\OpenGl\OpenGLTexture.cpp">
      <Filter>src\MechEngine\Platform\OpenGl</Filter>
    </ClCompile>
    <ClCompile Include="src\MechEngine\Platform\OpenGl\OpenGLVertexArray.cpp">
      <Filter>src\MechEngine\Platform\OpenGl</Filter>
    </ClCompile>
    <ClCompile Include="src\MechEngine\Platform\Windows\WindowsInput.cpp">
      <Filter>src\MechEngine\Platform\Windows</Filter>
    </ClCompile>
    <ClCompile Include="src\MechEngine\Platform\Windows\WindowsWindow.cpp">
      <Filter>src\MechEngine\Platform\Windows</Filter>
    </ClCompile>
    <ClCompile Include="src\MechEngine\Renderer\Buffer.cpp">
      <Filter>src\MechEngine\Renderer</Filter>
    </ClCompile>
    <ClCompile Include="src\MechEngine\Renderer\FrameBuffer.cpp">
      <Filter>src\MechEngine\Renderer</Filter>
    </ClCompile>
    <ClCompile Include="src\MechEngine\Renderer\Mesh.cpp">
      <Filter>src\MechEngine\Renderer</Filter>
    </ClCompile>
    <ClCompile Include="src\MechEngine\Renderer\RenderCommand.cpp">
      <Filter>src\MechEngine\Renderer</Filter>
    </ClCompile>
    <ClCompile Include="src\MechEngine\Renderer\Renderer.cpp">
      <Filter>src\MechEngine\Renderer</Filter>
    </ClCompile>
    <ClCompile Include="src\MechEngine\Renderer\Renderer2D.cpp">
      <Filter>src\MechEngine\Renderer</Filter>
    </ClCompile>
    <ClCompile Include="src\MechEngine\Renderer\RendererAPI.cpp">
      <Filter>src\MechEngine\Renderer</Filter>
    </ClCompile>
    <ClCompile Include="src\MechEngine\Renderer\Shader.cpp">
      <Filter>src\MechEngine\Renderer</Filter>
    </ClCompile>
    <ClCompile Include="src\MechEngine\Renderer\Texture.cpp">
      <Filter>src\MechEngine\Renderer</Filter>
    </ClCompile>
    <ClCompile Include="src\MechEngine\Renderer\VertexArray.cpp">
      <Filter>src\MechEngine\Renderer</Filter>
    </ClCompile>
    <ClCompile Include="src\MechEngine\imgui\ImGuiBuild.cpp">
      <Filter>src\MechEngine\imgui</Filter>
    </ClCompile>
    <ClCompile Include="src\MechEngine\imgui\ImGuiLayer.cpp">
      <Filter>src\MechEngine\imgui</Filter>
    </ClCompile>
    <ClCompile Include="src\mepch.cpp">
      <Filter>src</Filter>
    </ClCompile>
    <ClCompile Include="vendor\stb_image\stb_image.cpp">
      <Filter>vendor\stb_image</Filter>
    </ClCompile>
    <ClCompile Include="src\MechEngine\Core\Application.cpp">
      <Filter>src\MechEngine</Filter>
    </ClCompile>
    <ClCompile Include="src\MechEngine\Core\Layer.cpp">
      <Filter>src\MechEngine</Filter>
    </ClCompile>
    <ClCompile Include="src\MechEngine\Core\LayerStack.cpp">
      <Filter>src\MechEngine</Filter>
    </ClCompile>
    <ClCompile Include="src\MechEngine\Core\Log.cpp">
      <Filter>src\MechEngine</Filter>
    </ClCompile>
  </ItemGroup>
</Project>